# This file is autogenerated, do not edit; changes may be undone by the next 'dep ensure'.


[[projects]]
  digest = "1:5c4c060c21d270b7de6db2d28b84415946c454a1113535a40464d392afb6cef5"
  name = "github.com/oschwald/geoip2-golang"
  packages = ["."]
  pruneopts = "UT"
  revision = "ae8b169eb05b73c205edf569a6e4b0dc42c139fb"
  version = "v1.4.0"

[[projects]]
  digest = "1:34b82c04a4d344f3dcabeb8d9f33859a4348e41ce25d749c31ab5a17f431a129"
  name = "github.com/oschwald/maxminddb-golang"
  packages = ["."]
  pruneopts = "UT"
  revision = "6a033e62c03b7dab4c37f7c9eb2ebb3b10e8f13a"
  version = "v1.6.0"

[[projects]]
  branch = "master"
  digest = "1:0cbf59a8e2cbbe6601b6f6c940d29aab7020f9f42c6b697fee4335a973bcce09"
  name = "golang.org/x/sys"
  packages = [
    "unix",
    "windows",
  ]
  pruneopts = "UT"
  revision = "a1369afcdac740082c63165b07ec83b531884be2"

[solve-meta]
  analyzer-name = "dep"
  analyzer-version = 1
  input-imports = ["github.com/oschwald/geoip2-golang"]
  solver-name = "gps-cdcl"
  solver-version = 1
